{
  "name": "bireader",
  "version": "1.0.24",
  "lockfileVersion": 3,
  "requires": true,
  "packages": {
    "": {
      "name": "bireader",
      "version": "1.0.24",
      "license": "MIT",
      "dependencies": {
        "bireader": "^1.0.24"
      },
      "devDependencies": {
        "@types/node": "^20.7.0",
        "typescript": "^5.2.2"
      }
    },
    "node_modules/@types/node": {
      "version": "20.7.0",
      "resolved": "https://registry.npmjs.org/@types/node/-/node-20.7.0.tgz",
      "integrity": "sha512-zI22/pJW2wUZOVyguFaUL1HABdmSVxpXrzIqkjsHmyUjNhPoWM1CKfvVuXfetHhIok4RY573cqS0mZ1SJEnoTg==",
      "dev": true
    },
    "node_modules/bireader": {
      "version": "1.0.24",
      "resolved": "https://registry.npmjs.org/bireader/-/bireader-1.0.24.tgz",
      "integrity": "sha512-4w3Rmm82huB8k2sRjc7p+Cew8llByuz7lHTLTfrWoWYsHDTE/wnK5LPXmhGgb/emYXdRwip+gelnFzuNqTtp5g=="
    },
    "node_modules/typescript": {
      "version": "5.2.2",
      "resolved": "https://registry.npmjs.org/typescript/-/typescript-5.2.2.tgz",
      "integrity": "sha512-mI4WrpHsbCIcwT9cF4FZvr80QUeKvsUsUvKDoR+X/7XHQH98xYD8YHZg7ANtz2GtZt/CBq2QJ0thkGJMHfqc1w==",
      "dev": true,
      "bin": {
        "tsc": "bin/tsc",
        "tsserver": "bin/tsserver"
      },
      "engines": {
        "node": ">=14.17"
      }
    }
  }
}
